
Microsoft Visual Studio Solution File, Format Version 12.00
# Visual Studio 15
VisualStudioVersion = 15.0.27004.2006
MinimumVisualStudioVersion = 10.0.40219.1
Project("{8BC9CEB8-8B4A-11D0-8D11-00A0C91BC942}") = "CarND-Path-Planning", "CarND-Path-Planning\CarND-Path-Planning.vcxproj", "{AABD4DFB-377F-40DF-A6EF-7A35C38EFA93}"
EndProject
Global
	GlobalSection(SolutionConfigurationPlatforms) = preSolution
		Debug|ARM = Debug|ARM
		Debug|x64 = Debug|x64
		Debug|x86 = Debug|x86
		Release|ARM = Release|ARM
		Release|x64 = Release|x64
		Release|x86 = Release|x86
	EndGlobalSection
	GlobalSection(ProjectConfigurationPlatforms) = postSolution
		{AABD4DFB-377F-40DF-A6EF-7A35C38EFA93}.Debug|ARM.ActiveCfg = Debug|ARM
		{AABD4DFB-377F-40DF-A6EF-7A35C38EFA93}.Debug|ARM.Build.0 = Debug|ARM
		{AABD4DFB-377F-40DF-A6EF-7A35C38EFA93}.Debug|x64.ActiveCfg = Debug|x64
		{AABD4DFB-377F-40DF-A6EF-7A35C38EFA93}.Debug|x64.Build.0 = Debug|x64
		{AABD4DFB-377F-40DF-A6EF-7A35C38EFA93}.Debug|x86.ActiveCfg = Debug|x86
		{AABD4DFB-377F-40DF-A6EF-7A35C38EFA93}.Debug|x86.Build.0 = Debug|x86
		{AABD4DFB-377F-40DF-A6EF-7A35C38EFA93}.Release|ARM.ActiveCfg = Release|ARM
		{AABD4DFB-377F-40DF-A6EF-7A35C38EFA93}.Release|ARM.Build.0 = Release|ARM
		{AABD4DFB-377F-40DF-A6EF-7A35C38EFA93}.Release|x64.ActiveCfg = Release|x64
		{AABD4DFB-377F-40DF-A6EF-7A35C38EFA93}.Release|x64.Build.0 = Release|x64
		{AABD4DFB-377F-40DF-A6EF-7A35C38EFA93}.Release|x86.ActiveCfg = Release|x86
		{AABD4DFB-377F-40DF-A6EF-7A35C38EFA93}.Release|x86.Build.0 = Release|x86
	EndGlobalSection
	GlobalSection(SolutionProperties) = preSolution
		HideSolutionNode = FALSE
	EndGlobalSection
	GlobalSection(ExtensibilityGlobals) = postSolution
		SolutionGuid = {03B50F43-EEED-4189-8470-B912BD72B6D8}
	EndGlobalSection
EndGlobal
